# This file is automatically @generated by Cargo.
# It is not intended for manual editing.
[[package]]
name = "Q3"
version = "0.1.0"
dependencies = [
 "Q3 0.1.1 (registry+https://github.com/rust-lang/crates.io-index)",
]

[[package]]
name = "Q3"
version = "0.1.1"
source = "registry+https://github.com/rust-lang/crates.io-index"

[metadata]
"checksum Q3 0.1.1 (registry+https://github.com/rust-lang/crates.io-index)" = "816977f58d139ebdff20c06c523f7c2b3a5b72216a41e3e2e94b5fe18a43c2b0"
